// !$*UTF8*$!
{
	archiveVersion = 1;
	classes = {
	};
	objectVersion = 46;
	objects = {

/* Begin PBXBuildFile section */
		2D00CD52D863D14632C6B01B /* Pods_AWSSDKWithCocoaPods.framework in Frameworks */ = {isa = PBXBuildFile; fileRef = 08481A13DA346912D16EAEA2 /* Pods_AWSSDKWithCocoaPods.framework */; };
		91E3E3851E69E1C700D95210 /* AppDelegate.swift in Sources */ = {isa = PBXBuildFile; fileRef = 91E3E3841E69E1C700D95210 /* AppDelegate.swift */; };
		91E3E3871E69E1C700D95210 /* ViewController.swift in Sources */ = {isa = PBXBuildFile; fileRef = 91E3E3861E69E1C700D95210 /* ViewController.swift */; };
		91E3E38A1E69E1C700D95210 /* Main.storyboard in Resources */ = {isa = PBXBuildFile; fileRef = 91E3E3881E69E1C700D95210 /* Main.storyboard */; };
		91E3E38C1E69E1C700D95210 /* Assets.xcassets in Resources */ = {isa = PBXBuildFile; fileRef = 91E3E38B1E69E1C700D95210 /* Assets.xcassets */; };
		91E3E38F1E69E1C700D95210 /* LaunchScreen.storyboard in Resources */ = {isa = PBXBuildFile; fileRef = 91E3E38D1E69E1C700D95210 /* LaunchScreen.storyboard */; };
/* End PBXBuildFile section */

/* Begin PBXFileReference section */
		08481A13DA346912D16EAEA2 /* Pods_AWSSDKWithCocoaPods.framework */ = {isa = PBXFileReference; explicitFileType = wrapper.framework; includeInIndex = 0; path = Pods_AWSSDKWithCocoaPods.framework; sourceTree = BUILT_PRODUCTS_DIR; };
		76C4BCF527A26F8DA0C186C8 /* Pods-AWSSDKWithCocoaPods.debug.xcconfig */ = {isa = PBXFileReference; includeInIndex = 1; lastKnownFileType = text.xcconfig; name = "Pods-AWSSDKWithCocoaPods.debug.xcconfig"; path = "Pods/Target Support Files/Pods-AWSSDKWithCocoaPods/Pods-AWSSDKWithCocoaPods.debug.xcconfig"; sourceTree = "<group>"; };
		91E3E3811E69E1C700D95210 /* AWSSDKWithCocoaPods.app */ = {isa = PBXFileReference; explicitFileType = wrapper.application; includeInIndex = 0; path = AWSSDKWithCocoaPods.app; sourceTree = BUILT_PRODUCTS_DIR; };
		91E3E3841E69E1C700D95210 /* AppDelegate.swift */ = {isa = PBXFileReference; lastKnownFileType = sourcecode.swift; path = AppDelegate.swift; sourceTree = "<group>"; };
		91E3E3861E69E1C700D95210 /* ViewController.swift */ = {isa = PBXFileReference; lastKnownFileType = sourcecode.swift; path = ViewController.swift; sourceTree = "<group>"; };
		91E3E3891E69E1C700D95210 /* Base */ = {isa = PBXFileReference; lastKnownFileType = file.storyboard; name = Base; path = Base.lproj/Main.storyboard; sourceTree = "<group>"; };
		91E3E38B1E69E1C700D95210 /* Assets.xcassets */ = {isa = PBXFileReference; lastKnownFileType = folder.assetcatalog; path = Assets.xcassets; sourceTree = "<group>"; };
		91E3E38E1E69E1C700D95210 /* Base */ = {isa = PBXFileReference; lastKnownFileType = file.storyboard; name = Base; path = Base.lproj/LaunchScreen.storyboard; sourceTree = "<group>"; };
		91E3E3901E69E1C700D95210 /* Info.plist */ = {isa = PBXFileReference; lastKnownFileType = text.plist.xml; path = Info.plist; sourceTree = "<group>"; };
		F948CB9E522F11F7A300A6D6 /* Pods-AWSSDKWithCocoaPods.release.xcconfig */ = {isa = PBXFileReference; includeInIndex = 1; lastKnownFileType = text.xcconfig; name = "Pods-AWSSDKWithCocoaPods.release.xcconfig"; path = "Pods/Target Support Files/Pods-AWSSDKWithCocoaPods/Pods-AWSSDKWithCocoaPods.release.xcconfig"; sourceTree = "<group>"; };
/* End PBXFileReference section */

/* Begin PBXFrameworksBuildPhase section */
		91E3E37E1E69E1C700D95210 /* Frameworks */ = {
			isa = PBXFrameworksBuildPhase;
			buildActionMask = 2147483647;
			files = (
				2D00CD52D863D14632C6B01B /* Pods_AWSSDKWithCocoaPods.framework in Frameworks */,
			);
			runOnlyForDeploymentPostprocessing = 0;
		};
/* End PBXFrameworksBuildPhase section */

/* Begin PBXGroup section */
		147DD3A091E4867683E63119 /* Pods */ = {
			isa = PBXGroup;
			children = (
				76C4BCF527A26F8DA0C186C8 /* Pods-AWSSDKWithCocoaPods.debug.xcconfig */,
				F948CB9E522F11F7A300A6D6 /* Pods-AWSSDKWithCocoaPods.release.xcconfig */,
			);
			name = Pods;
			sourceTree = "<group>";
		};
		91E3E3781E69E1C700D95210 = {
			isa = PBXGroup;
			children = (
				91E3E3831E69E1C700D95210 /* AWSSDKWithCocoaPods */,
				91E3E3821E69E1C700D95210 /* Products */,
				147DD3A091E4867683E63119 /* Pods */,
				EBDCFC006A30548FFF3C57D2 /* Frameworks */,
			);
			sourceTree = "<group>";
		};
		91E3E3821E69E1C700D95210 /* Products */ = {
			isa = PBXGroup;
			children = (
				91E3E3811E69E1C700D95210 /* AWSSDKWithCocoaPods.app */,
			);
			name = Products;
			sourceTree = "<group>";
		};
		91E3E3831E69E1C700D95210 /* AWSSDKWithCocoaPods */ = {
			isa = PBXGroup;
			children = (
				91E3E3841E69E1C700D95210 /* AppDelegate.swift */,
				91E3E3861E69E1C700D95210 /* ViewController.swift */,
				91E3E3881E69E1C700D95210 /* Main.storyboard */,
				91E3E38B1E69E1C700D95210 /* Assets.xcassets */,
				91E3E38D1E69E1C700D95210 /* LaunchScreen.storyboard */,
				91E3E3901E69E1C700D95210 /* Info.plist */,
			);
			path = AWSSDKWithCocoaPods;
			sourceTree = "<group>";
		};
		EBDCFC006A30548FFF3C57D2 /* Frameworks */ = {
			isa = PBXGroup;
			children = (
				08481A13DA346912D16EAEA2 /* Pods_AWSSDKWithCocoaPods.framework */,
			);
			name = Frameworks;
			sourceTree = "<group>";
		};
/* End PBXGroup section */

/* Begin PBXNativeTarget section */
		91E3E3801E69E1C700D95210 /* AWSSDKWithCocoaPods */ = {
			isa = PBXNativeTarget;
			buildConfigurationList = 91E3E3931E69E1C700D95210 /* Build configuration list for PBXNativeTarget "AWSSDKWithCocoaPods" */;
			buildPhases = (
				560B6E572883B85D0B3C80F1 /* [CP] Check Pods Manifest.lock */,
				91E3E37D1E69E1C700D95210 /* Sources */,
				91E3E37E1E69E1C700D95210 /* Frameworks */,
				91E3E37F1E69E1C700D95210 /* Resources */,
				4F5CB5C7E5ED82C9151DBC57 /* [CP] Embed Pods Frameworks */,
				6212789DC201D85B40B21763 /* [CP] Copy Pods Resources */,
			);
			buildRules = (
			);
			dependencies = (
			);
			name = AWSSDKWithCocoaPods;
			productName = AWSSDKWithCocoaPods;
			productReference = 91E3E3811E69E1C700D95210 /* AWSSDKWithCocoaPods.app */;
			productType = "com.apple.product-type.application";
		};
/* End PBXNativeTarget section */

/* Begin PBXProject section */
		91E3E3791E69E1C700D95210 /* Project object */ = {
			isa = PBXProject;
			attributes = {
				LastSwiftUpdateCheck = 0820;
				LastUpgradeCheck = 0820;
				ORGANIZATIONNAME = "ASM Technology Ltd.";
				TargetAttributes = {
					91E3E3801E69E1C700D95210 = {
						CreatedOnToolsVersion = 8.2.1;
						ProvisioningStyle = Automatic;
					};
				};
			};
			buildConfigurationList = 91E3E37C1E69E1C700D95210 /* Build configuration list for PBXProject "AWSSDKWithCocoaPods" */;
			compatibilityVersion = "Xcode 3.2";
			developmentRegion = English;
			hasScannedForEncodings = 0;
			knownRegions = (
				en,
				Base,
			);
			mainGroup = 91E3E3781E69E1C700D95210;
			productRefGroup = 91E3E3821E69E1C700D95210 /* Products */;
			projectDirPath = "";
			projectRoot = "";
			targets = (
				91E3E3801E69E1C700D95210 /* AWSSDKWithCocoaPods */,
			);
		};
/* End PBXProject section */

/* Begin PBXResourcesBuildPhase section */
		91E3E37F1E69E1C700D95210 /* Resources */ = {
			isa = PBXResourcesBuildPhase;
			buildActionMask = 2147483647;
			files = (
				91E3E38F1E69E1C700D95210 /* LaunchScreen.storyboard in Resources */,
				91E3E38C1E69E1C700D95210 /* Assets.xcassets in Resources */,
				91E3E38A1E69E1C700D95210 /* Main.storyboard in Resources */,
			);
			runOnlyForDeploymentPostprocessing = 0;
		};
/* End PBXResourcesBuildPhase section */

/* Begin PBXShellScriptBuildPhase section */
		4F5CB5C7E5ED82C9151DBC57 /* [CP] Embed Pods Frameworks */ = {
			isa = PBXShellScriptBuildPhase;
			buildActionMask = 2147483647;
			files = (
			);
			inputPaths = (
			);
			name = "[CP] Embed Pods Frameworks";
			outputPaths = (
			);
			runOnlyForDeploymentPostprocessing = 0;
			shellPath = /bin/sh;
			shellScript = "\"${SRCROOT}/Pods/Target Support Files/Pods-AWSSDKWithCocoaPods/Pods-AWSSDKWithCocoaPods-frameworks.sh\"\n";
			showEnvVarsInLog = 0;
		};
		560B6E572883B85D0B3C80F1 /* [CP] Check Pods Manifest.lock */ = {
			isa = PBXShellScriptBuildPhase;
			buildActionMask = 2147483647;
			files = (
			);
			inputPaths = (
			);
			name = "[CP] Check Pods Manifest.lock";
			outputPaths = (
			);
			runOnlyForDeploymentPostprocessing = 0;
			shellPath = /bin/sh;
			shellScript = "diff \"${PODS_ROOT}/../Podfile.lock\" \"${PODS_ROOT}/Manifest.lock\" > /dev/null\nif [ $? != 0 ] ; then\n    # print error to STDERR\n    echo \"error: The sandbox is not in sync with the Podfile.lock. Run 'pod install' or update your CocoaPods installation.\" >&2\n    exit 1\nfi\n";
			showEnvVarsInLog = 0;
		};
		6212789DC201D85B40B21763 /* [CP] Copy Pods Resources */ = {
			isa = PBXShellScriptBuildPhase;
			buildActionMask = 2147483647;
			files = (
			);
			inputPaths = (
			);
			name = "[CP] Copy Pods Resources";
			outputPaths = (
			);
			runOnlyForDeploymentPostprocessing = 0;
			shellPath = /bin/sh;
			shellScript = "\"${SRCROOT}/Pods/Target Support Files/Pods-AWSSDKWithCocoaPods/Pods-AWSSDKWithCocoaPods-resources.sh\"\n";
			showEnvVarsInLog = 0;
		};
/* End PBXShellScriptBuildPhase section */

/* Begin PBXSourcesBuildPhase section */
		91E3E37D1E69E1C700D95210 /* Sources */ = {
			isa = PBXSourcesBuildPhase;
			buildActionMask = 2147483647;
			files = (
				91E3E3871E69E1C700D95210 /* ViewController.swift in Sources */,
				91E3E3851E69E1C700D95210 /* AppDelegate.swift in Sources */,
			);
			runOnlyForDeploymentPostprocessing = 0;
		};
/* End PBXSourcesBuildPhase section */

/* Begin PBXVariantGroup section */
		91E3E3881E69E1C700D95210 /* Main.storyboard */ = {
			isa = PBXVariantGroup;
			children = (
				91E3E3891E69E1C700D95210 /* Base */,
			);
			name = Main.storyboard;
			sourceTree = "<group>";
		};
		91E3E38D1E69E1C700D95210 /* LaunchScreen.storyboard */ = {
			isa = PBXVariantGroup;
			children = (
				91E3E38E1E69E1C700D95210 /* Base */,
			);
			name = LaunchScreen.storyboard;
			sourceTree = "<group>";
		};
/* End PBXVariantGroup section */

/* Begin XCBuildConfiguration section */
		91E3E3911E69E1C700D95210 /* Debug */ = {
			isa = XCBuildConfiguration;
			buildSettings = {
				ALWAYS_SEARCH_USER_PATHS = NO;
				CLANG_ANALYZER_NONNULL = YES;
				CLANG_CXX_LANGUAGE_STANDARD = "gnu++0x";
				CLANG_CXX_LIBRARY = "libc++";
				CLANG_ENABLE_MODULES = YES;
				CLANG_ENABLE_OBJC_ARC = YES;
				CLANG_WARN_BOOL_CONVERSION = YES;
				CLANG_WARN_CONSTANT_CONVERSION = YES;
				CLANG_WARN_DIRECT_OBJC_ISA_USAGE = YES_ERROR;
				CLANG_WARN_DOCUMENTATION_COMMENTS = YES;
				CLANG_WARN_EMPTY_BODY = YES;
				CLANG_WARN_ENUM_CONVERSION = YES;
				CLANG_WARN_INFINITE_RECURSION = YES;
				CLANG_WARN_INT_CONVERSION = YES;
				CLANG_WARN_OBJC_ROOT_CLASS = YES_ERROR;
				CLANG_WARN_SUSPICIOUS_MOVE = YES;
				CLANG_WARN_UNREACHABLE_CODE = YES;
				CLANG_WARN__DUPLICATE_METHOD_MATCH = YES;
				"CODE_SIGN_IDENTITY[sdk=iphoneos*]" = "iPhone Developer";
				COPY_PHASE_STRIP = NO;
				DEBUG_INFORMATION_FORMAT = dwarf;
				ENABLE_STRICT_OBJC_MSGSEND = YES;
				ENABLE_TESTABILITY = YES;
				GCC_C_LANGUAGE_STANDARD = gnu99;
				GCC_DYNAMIC_NO_PIC = NO;
				GCC_NO_COMMON_BLOCKS = YES;
				GCC_OPTIMIZATION_LEVEL = 0;
				GCC_PREPROCESSOR_DEFINITIONS = (
					"DEBUG=1",
					"$(inherited)",
				);
				GCC_WARN_64_TO_32_BIT_CONVERSION = YES;
				GCC_WARN_ABOUT_RETURN_TYPE = YES_ERROR;
				GCC_WARN_UNDECLARED_SELECTOR = YES;
				GCC_WARN_UNINITIALIZED_AUTOS = YES_AGGRESSIVE;
				GCC_WARN_UNUSED_FUNCTION = YES;
				GCC_WARN_UNUSED_VARIABLE = YES;
				IPHONEOS_DEPLOYMENT_TARGET = 10.2;
				MTL_ENABLE_DEBUG_INFO = YES;
				ONLY_ACTIVE_ARCH = YES;
				SDKROOT = iphoneos;
				SWIFT_ACTIVE_COMPILATION_CONDITIONS = DEBUG;
				SWIFT_OPTIMIZATION_LEVEL = "-Onone";
			};
			name = Debug;
		};
		91E3E3921E69E1C700D95210 /* Release */ = {
			isa = XCBuildConfiguration;
			buildSettings = {
				ALWAYS_SEARCH_USER_PATHS = NO;
				CLANG_ANALYZER_NONNULL = YES;
				CLANG_CXX_LANGUAGE_STANDARD = "gnu++0x";
				CLANG_CXX_LIBRARY = "libc++";
				CLANG_ENABLE_MODULES = YES;
				CLANG_ENABLE_OBJC_ARC = YES;
				CLANG_WARN_BOOL_CONVERSION = YES;
				CLANG_WARN_CONSTANT_CONVERSION = YES;
				CLANG_WARN_DIRECT_OBJC_ISA_USAGE = YES_ERROR;
				CLANG_WARN_DOCUMENTATION_COMMENTS = YES;
				CLANG_WARN_EMPTY_BODY = YES;
				CLANG_WARN_ENUM_CONVERSION = YES;
				CLANG_WARN_INFINITE_RECURSION = YES;
				CLANG_WARN_INT_CONVERSION = YES;
				CLANG_WARN_OBJC_ROOT_CLASS = YES_ERROR;
				CLANG_WARN_SUSPICIOUS_MOVE = YES;
				CLANG_WARN_UNREACHABLE_CODE = YES;
				CLANG_WARN__DUPLICATE_METHOD_MATCH = YES;
				"CODE_SIGN_IDENTITY[sdk=iphoneos*]" = "iPhone Developer";
				COPY_PHASE_STRIP = NO;
				DEBUG_INFORMATION_FORMAT = "dwarf-with-dsym";
				ENABLE_NS_ASSERTIONS = NO;
				ENABLE_STRICT_OBJC_MSGSEND = YES;
				GCC_C_LANGUAGE_STANDARD = gnu99;
				GCC_NO_COMMON_BLOCKS = YES;
				GCC_WARN_64_TO_32_BIT_CONVERSION = YES;
				GCC_WARN_ABOUT_RETURN_TYPE = YES_ERROR;
				GCC_WARN_UNDECLARED_SELECTOR = YES;
				GCC_WARN_UNINITIALIZED_AUTOS = YES_AGGRESSIVE;
				GCC_WARN_UNUSED_FUNCTION = YES;
				GCC_WARN_UNUSED_VARIABLE = YES;
				IPHONEOS_DEPLOYMENT_TARGET = 10.2;
				MTL_ENABLE_DEBUG_INFO = NO;
				SDKROOT = iphoneos;
				SWIFT_OPTIMIZATION_LEVEL = "-Owholemodule";
				VALIDATE_PRODUCT = YES;
			};
			name = Release;
		};
		91E3E3941E69E1C700D95210 /* Debug */ = {
			isa = XCBuildConfiguration;
			baseConfigurationReference = 76C4BCF527A26F8DA0C186C8 /* Pods-AWSSDKWithCocoaPods.debug.xcconfig */;
			buildSettings = {
				ASSETCATALOG_COMPILER_APPICON_NAME = AppIcon;
				INFOPLIST_FILE = AWSSDKWithCocoaPods/Info.plist;
				LD_RUNPATH_SEARCH_PATHS = "$(inherited) @executable_path/Frameworks";
				PRODUCT_BUNDLE_IDENTIFIER = com.asmtechnology.AWSSDKWithCocoaPods;
				PRODUCT_NAME = "$(TARGET_NAME)";
				SWIFT_VERSION = 3.0;
			};
			name = Debug;
		};
		91E3E3951E69E1C700D95210 /* Release */ = {
			isa = XCBuildConfiguration;
			baseConfigurationReference = F948CB9E522F11F7A300A6D6 /* Pods-AWSSDKWithCocoaPods.release.xcconfig */;
			buildSettings = {
				ASSETCATALOG_COMPILER_APPICON_NAME = AppIcon;
				INFOPLIST_FILE = AWSSDKWithCocoaPods/Info.plist;
				LD_RUNPATH_SEARCH_PATHS = "$(inherited) @executable_path/Frameworks";
				PRODUCT_BUNDLE_IDENTIFIER = com.asmtechnology.AWSSDKWithCocoaPods;
				PRODUCT_NAME = "$(TARGET_NAME)";
				SWIFT_VERSION = 3.0;
			};
			name = Release;
		};
/* End XCBuildConfiguration section */

/* Begin XCConfigurationList section */
		91E3E37C1E69E1C700D95210 /* Build configuration list for PBXProject "AWSSDKWithCocoaPods" */ = {
			isa = XCConfigurationList;
			buildConfigurations = (
				91E3E3911E69E1C700D95210 /* Debug */,
				91E3E3921E69E1C700D95210 /* Release */,
			);
			defaultConfigurationIsVisible = 0;
			defaultConfigurationName = Release;
		};
		91E3E3931E69E1C700D95210 /* Build configuration list for PBXNativeTarget "AWSSDKWithCocoaPods" */ = {
			isa = XCConfigurationList;
			buildConfigurations = (
				91E3E3941E69E1C700D95210 /* Debug */,
				91E3E3951E69E1C700D95210 /* Release */,
			);
			defaultConfigurationIsVisible = 0;
		};
/* End XCConfigurationList section */
	};
	rootObject = 91E3E3791E69E1C700D95210 /* Project object */;
}
